
Microsoft Visual Studio Solution File, Format Version 12.00
# Visual Studio Version 16
VisualStudioVersion = 16.0.31112.23
MinimumVisualStudioVersion = 10.0.40219.1
Project("{FAE04EC0-301F-11D3-BF4B-00C04F79EFBC}") = "practProject1", "practProject1\practProject1.csproj", "{98DA3D72-8B95-4CB4-BC6B-7C9BD0F993F1}"
EndProject
Project("{FAE04EC0-301F-11D3-BF4B-00C04F79EFBC}") = "LibMethods", "LibMethods\LibMethods.csproj", "{1E843CF2-782F-4294-8397-4FCF8C5732DA}"
EndProject
Project("{FAE04EC0-301F-11D3-BF4B-00C04F79EFBC}") = "UnitTest", "UnitTest\UnitTest.csproj", "{6F454637-474D-4784-9A40-42ACEE032187}"
EndProject
Global
	GlobalSection(SolutionConfigurationPlatforms) = preSolution
		Debug|Any CPU = Debug|Any CPU
		Release|Any CPU = Release|Any CPU
	EndGlobalSection
	GlobalSection(ProjectConfigurationPlatforms) = postSolution
		{98DA3D72-8B95-4CB4-BC6B-7C9BD0F993F1}.Debug|Any CPU.ActiveCfg = Debug|Any CPU
		{98DA3D72-8B95-4CB4-BC6B-7C9BD0F993F1}.Debug|Any CPU.Build.0 = Debug|Any CPU
		{98DA3D72-8B95-4CB4-BC6B-7C9BD0F993F1}.Release|Any CPU.ActiveCfg = Release|Any CPU
		{98DA3D72-8B95-4CB4-BC6B-7C9BD0F993F1}.Release|Any CPU.Build.0 = Release|Any CPU
		{1E843CF2-782F-4294-8397-4FCF8C5732DA}.Debug|Any CPU.ActiveCfg = Debug|Any CPU
		{1E843CF2-782F-4294-8397-4FCF8C5732DA}.Debug|Any CPU.Build.0 = Debug|Any CPU
		{1E843CF2-782F-4294-8397-4FCF8C5732DA}.Release|Any CPU.ActiveCfg = Release|Any CPU
		{1E843CF2-782F-4294-8397-4FCF8C5732DA}.Release|Any CPU.Build.0 = Release|Any CPU
		{6F454637-474D-4784-9A40-42ACEE032187}.Debug|Any CPU.ActiveCfg = Debug|Any CPU
		{6F454637-474D-4784-9A40-42ACEE032187}.Debug|Any CPU.Build.0 = Debug|Any CPU
		{6F454637-474D-4784-9A40-42ACEE032187}.Release|Any CPU.ActiveCfg = Release|Any CPU
		{6F454637-474D-4784-9A40-42ACEE032187}.Release|Any CPU.Build.0 = Release|Any CPU
	EndGlobalSection
	GlobalSection(SolutionProperties) = preSolution
		HideSolutionNode = FALSE
	EndGlobalSection
	GlobalSection(ExtensibilityGlobals) = postSolution
		SolutionGuid = {6E8FAFE1-D625-4FDF-A4EB-9EE0D7851E81}
	EndGlobalSection
EndGlobal
